schema: '2.0'
stages:
  perpare_data:
    cmd: python src/stage_01_preparation_data.py
    deps:
    - path: data/data.xml
      md5: a304afb96060aad90176268345e10355
      size: 37891850
    - path: src/stage_01_preparation_data.py
      md5: ac443bff4cfc6e0863001aa1caa88b6e
      size: 2783
    - path: src/utils
      md5: d8943c567411cb1a36352e37bedd7f1b.dir
      size: 8835
      nfiles: 9
    outs:
    - path: artifacts/prepared
      md5: 78ad25a2ff28575850cdad115f241af9.dir
      size: 20992935
      nfiles: 2
  featurize_data:
    cmd: python src/stage_02_featurization.py
    deps:
    - path: artifacts/prepared
      md5: 78ad25a2ff28575850cdad115f241af9.dir
      size: 20992935
      nfiles: 2
    - path: src/stage_02_featurization.py
      md5: bb59ce2be2ffef7fc2c619c45f7e9195
      size: 3450
    - path: src/utils
      md5: d8943c567411cb1a36352e37bedd7f1b.dir
      size: 8835
      nfiles: 9
    outs:
    - path: artifacts/features
      md5: c4c7a6cda7e7d23ee9d685144a3e577c.dir
      size: 6016576
      nfiles: 2
  training:
    cmd: python src/stage_03_training.py
    deps:
    - path: artifacts/features/train.pkl
      md5: 1ad6b499a6a9d7755e8460e1047cbbf8
      size: 4189044
    - path: src/stage_03_training.py
      md5: 4672377099e97a5b06587488fb591893
      size: 2416
    - path: src/utils
      md5: d8943c567411cb1a36352e37bedd7f1b.dir
      size: 8835
      nfiles: 9
    outs:
    - path: artifacts/model
      md5: 818f0e65671314b4c9d556c5e216dc32.dir
      size: 12411593
      nfiles: 1
  evaluation:
    cmd: python src/stage_04_eval.py
    deps:
    - path: artifacts/features/test.pkl
      md5: d401b559c61915a78223393a4ba2111c
      size: 1827595
    - path: artifacts/model/model.pkl
      md5: 2d29c87ca9cd6ab8150db5b4c9183783
      size: 12418560
    - path: src/stage_04_eval.py
      md5: b9dc4be3222ac37b8b1672d7a7a6c7a1
      size: 3069
    - path: src/utils
      md5: 5d778cc5d64f9c47a5f6c890f7cfca36.dir
      size: 5633
      nfiles: 6
    outs:
    - path: prc.json
      md5: 20620b0cd993ba0b5f62781d63e50410
      size: 144
    - path: roc.json
      md5: 83c573a405b7146d559a60375a30a965
      size: 410
    - path: scores.json
      md5: e48c4c62280363505a3f83305321d912
      size: 115
  evaluate:
    cmd: python src/stage_04_eval.py
    deps:
    - path: artifacts/features/test.pkl
      md5: 537cf4fa12ec72931c71d6bfde225916
      size: 1827532
    - path: artifacts/model/model.pkl
      md5: e0661dde685e5ae20622929a600fdc2f
      size: 12411593
    - path: src/stage_04_eval.py
      md5: 2c8dac373271174e937d9019051eada6
      size: 3136
    - path: src/utils
      md5: d8943c567411cb1a36352e37bedd7f1b.dir
      size: 8835
      nfiles: 9
    outs:
    - path: prc.json
      md5: bd69746d2495a7eeee4f1eb67559f58e
      size: 139556
    - path: roc.json
      md5: 9337da400e3bae098f978a2ad3a481e0
      size: 130860
    - path: scores.json
      md5: e48c4c62280363505a3f83305321d912
      size: 115
